
Microsoft Visual Studio Solution File, Format Version 12.00
# Visual Studio 14
VisualStudioVersion = 14.0.24720.0
MinimumVisualStudioVersion = 10.0.40219.1
Project("{8BC9CEB8-8B4A-11D0-8D11-00A0C91BC942}") = "ICIP2015", "ICIP2015\ICIP2015.vcxproj", "{C1D90953-B067-4BF1-99D6-B7D16E7E3B53}"
EndProject
Project("{8BC9CEB8-8B4A-11D0-8D11-00A0C91BC942}") = "BTS", "BTS\BTS.vcxproj", "{0D24ED5D-8BE5-4537-9B52-E1FFE5D110BB}"
EndProject
Project("{8BC9CEB8-8B4A-11D0-8D11-00A0C91BC942}") = "BOS", "BOS\BOS.vcxproj", "{C2587C41-039B-4647-9C26-B3EADAA1586A}"
EndProject
Project("{8BC9CEB8-8B4A-11D0-8D11-00A0C91BC942}") = "BBDT", "BBDT\BBDT.vcxproj", "{264984A1-2D90-48A4-9A13-FA974453F02B}"
EndProject
Project("{8BC9CEB8-8B4A-11D0-8D11-00A0C91BC942}") = "sBBDT", "sBBDT\sBBDT.vcxproj", "{1A6E201E-F825-4754-9354-61FBDE072F47}"
EndProject
Project("{8BC9CEB8-8B4A-11D0-8D11-00A0C91BC942}") = "HCS", "HCS\HCS.vcxproj", "{51C649C8-8B85-4B07-89AA-83B87AAA546E}"
EndProject
Project("{8BC9CEB8-8B4A-11D0-8D11-00A0C91BC942}") = "iHCS", "iHCS\iHCS.vcxproj", "{3FBA6054-DA0D-445F-BB46-D92319A11AB5}"
EndProject
Project("{8BC9CEB8-8B4A-11D0-8D11-00A0C91BC942}") = "eBTSb", "eBTSb\eBTSb.vcxproj", "{568E49CB-C9E7-4B3B-831F-6C1B4B1DA43B}"
EndProject
Project("{8BC9CEB8-8B4A-11D0-8D11-00A0C91BC942}") = "eBTSp", "eBTSp\eBTSp.vcxproj", "{547E2598-7F1C-4421-9DD4-9FB577BFB490}"
EndProject
Project("{8BC9CEB8-8B4A-11D0-8D11-00A0C91BC942}") = "eBOS", "eBOS\eBOS.vcxproj", "{8770D8AD-AF9F-455B-9320-90192459B556}"
EndProject
Global
	GlobalSection(SolutionConfigurationPlatforms) = preSolution
		Debug|x64 = Debug|x64
		Debug|x86 = Debug|x86
		Release|x64 = Release|x64
		Release|x86 = Release|x86
	EndGlobalSection
	GlobalSection(ProjectConfigurationPlatforms) = postSolution
		{C1D90953-B067-4BF1-99D6-B7D16E7E3B53}.Debug|x64.ActiveCfg = Debug|x64
		{C1D90953-B067-4BF1-99D6-B7D16E7E3B53}.Debug|x64.Build.0 = Debug|x64
		{C1D90953-B067-4BF1-99D6-B7D16E7E3B53}.Debug|x86.ActiveCfg = Debug|Win32
		{C1D90953-B067-4BF1-99D6-B7D16E7E3B53}.Debug|x86.Build.0 = Debug|Win32
		{C1D90953-B067-4BF1-99D6-B7D16E7E3B53}.Release|x64.ActiveCfg = Release|x64
		{C1D90953-B067-4BF1-99D6-B7D16E7E3B53}.Release|x64.Build.0 = Release|x64
		{C1D90953-B067-4BF1-99D6-B7D16E7E3B53}.Release|x86.ActiveCfg = Release|Win32
		{C1D90953-B067-4BF1-99D6-B7D16E7E3B53}.Release|x86.Build.0 = Release|Win32
		{0D24ED5D-8BE5-4537-9B52-E1FFE5D110BB}.Debug|x64.ActiveCfg = Debug|x64
		{0D24ED5D-8BE5-4537-9B52-E1FFE5D110BB}.Debug|x64.Build.0 = Debug|x64
		{0D24ED5D-8BE5-4537-9B52-E1FFE5D110BB}.Debug|x86.ActiveCfg = Debug|Win32
		{0D24ED5D-8BE5-4537-9B52-E1FFE5D110BB}.Debug|x86.Build.0 = Debug|Win32
		{0D24ED5D-8BE5-4537-9B52-E1FFE5D110BB}.Release|x64.ActiveCfg = Release|x64
		{0D24ED5D-8BE5-4537-9B52-E1FFE5D110BB}.Release|x64.Build.0 = Release|x64
		{0D24ED5D-8BE5-4537-9B52-E1FFE5D110BB}.Release|x86.ActiveCfg = Release|Win32
		{0D24ED5D-8BE5-4537-9B52-E1FFE5D110BB}.Release|x86.Build.0 = Release|Win32
		{C2587C41-039B-4647-9C26-B3EADAA1586A}.Debug|x64.ActiveCfg = Debug|x64
		{C2587C41-039B-4647-9C26-B3EADAA1586A}.Debug|x64.Build.0 = Debug|x64
		{C2587C41-039B-4647-9C26-B3EADAA1586A}.Debug|x86.ActiveCfg = Debug|Win32
		{C2587C41-039B-4647-9C26-B3EADAA1586A}.Debug|x86.Build.0 = Debug|Win32
		{C2587C41-039B-4647-9C26-B3EADAA1586A}.Release|x64.ActiveCfg = Release|x64
		{C2587C41-039B-4647-9C26-B3EADAA1586A}.Release|x64.Build.0 = Release|x64
		{C2587C41-039B-4647-9C26-B3EADAA1586A}.Release|x86.ActiveCfg = Release|Win32
		{C2587C41-039B-4647-9C26-B3EADAA1586A}.Release|x86.Build.0 = Release|Win32
		{264984A1-2D90-48A4-9A13-FA974453F02B}.Debug|x64.ActiveCfg = Debug|x64
		{264984A1-2D90-48A4-9A13-FA974453F02B}.Debug|x64.Build.0 = Debug|x64
		{264984A1-2D90-48A4-9A13-FA974453F02B}.Debug|x86.ActiveCfg = Debug|Win32
		{264984A1-2D90-48A4-9A13-FA974453F02B}.Debug|x86.Build.0 = Debug|Win32
		{264984A1-2D90-48A4-9A13-FA974453F02B}.Release|x64.ActiveCfg = Release|x64
		{264984A1-2D90-48A4-9A13-FA974453F02B}.Release|x64.Build.0 = Release|x64
		{264984A1-2D90-48A4-9A13-FA974453F02B}.Release|x86.ActiveCfg = Release|Win32
		{264984A1-2D90-48A4-9A13-FA974453F02B}.Release|x86.Build.0 = Release|Win32
		{1A6E201E-F825-4754-9354-61FBDE072F47}.Debug|x64.ActiveCfg = Debug|x64
		{1A6E201E-F825-4754-9354-61FBDE072F47}.Debug|x64.Build.0 = Debug|x64
		{1A6E201E-F825-4754-9354-61FBDE072F47}.Debug|x86.ActiveCfg = Debug|Win32
		{1A6E201E-F825-4754-9354-61FBDE072F47}.Debug|x86.Build.0 = Debug|Win32
		{1A6E201E-F825-4754-9354-61FBDE072F47}.Release|x64.ActiveCfg = Release|x64
		{1A6E201E-F825-4754-9354-61FBDE072F47}.Release|x64.Build.0 = Release|x64
		{1A6E201E-F825-4754-9354-61FBDE072F47}.Release|x86.ActiveCfg = Release|Win32
		{1A6E201E-F825-4754-9354-61FBDE072F47}.Release|x86.Build.0 = Release|Win32
		{51C649C8-8B85-4B07-89AA-83B87AAA546E}.Debug|x64.ActiveCfg = Debug|x64
		{51C649C8-8B85-4B07-89AA-83B87AAA546E}.Debug|x64.Build.0 = Debug|x64
		{51C649C8-8B85-4B07-89AA-83B87AAA546E}.Debug|x86.ActiveCfg = Debug|Win32
		{51C649C8-8B85-4B07-89AA-83B87AAA546E}.Debug|x86.Build.0 = Debug|Win32
		{51C649C8-8B85-4B07-89AA-83B87AAA546E}.Release|x64.ActiveCfg = Release|x64
		{51C649C8-8B85-4B07-89AA-83B87AAA546E}.Release|x64.Build.0 = Release|x64
		{51C649C8-8B85-4B07-89AA-83B87AAA546E}.Release|x86.ActiveCfg = Release|Win32
		{51C649C8-8B85-4B07-89AA-83B87AAA546E}.Release|x86.Build.0 = Release|Win32
		{3FBA6054-DA0D-445F-BB46-D92319A11AB5}.Debug|x64.ActiveCfg = Debug|x64
		{3FBA6054-DA0D-445F-BB46-D92319A11AB5}.Debug|x64.Build.0 = Debug|x64
		{3FBA6054-DA0D-445F-BB46-D92319A11AB5}.Debug|x86.ActiveCfg = Debug|Win32
		{3FBA6054-DA0D-445F-BB46-D92319A11AB5}.Debug|x86.Build.0 = Debug|Win32
		{3FBA6054-DA0D-445F-BB46-D92319A11AB5}.Release|x64.ActiveCfg = Release|x64
		{3FBA6054-DA0D-445F-BB46-D92319A11AB5}.Release|x64.Build.0 = Release|x64
		{3FBA6054-DA0D-445F-BB46-D92319A11AB5}.Release|x86.ActiveCfg = Release|Win32
		{3FBA6054-DA0D-445F-BB46-D92319A11AB5}.Release|x86.Build.0 = Release|Win32
		{568E49CB-C9E7-4B3B-831F-6C1B4B1DA43B}.Debug|x64.ActiveCfg = Debug|x64
		{568E49CB-C9E7-4B3B-831F-6C1B4B1DA43B}.Debug|x64.Build.0 = Debug|x64
		{568E49CB-C9E7-4B3B-831F-6C1B4B1DA43B}.Debug|x86.ActiveCfg = Debug|Win32
		{568E49CB-C9E7-4B3B-831F-6C1B4B1DA43B}.Debug|x86.Build.0 = Debug|Win32
		{568E49CB-C9E7-4B3B-831F-6C1B4B1DA43B}.Release|x64.ActiveCfg = Release|x64
		{568E49CB-C9E7-4B3B-831F-6C1B4B1DA43B}.Release|x64.Build.0 = Release|x64
		{568E49CB-C9E7-4B3B-831F-6C1B4B1DA43B}.Release|x86.ActiveCfg = Release|Win32
		{568E49CB-C9E7-4B3B-831F-6C1B4B1DA43B}.Release|x86.Build.0 = Release|Win32
		{547E2598-7F1C-4421-9DD4-9FB577BFB490}.Debug|x64.ActiveCfg = Debug|x64
		{547E2598-7F1C-4421-9DD4-9FB577BFB490}.Debug|x64.Build.0 = Debug|x64
		{547E2598-7F1C-4421-9DD4-9FB577BFB490}.Debug|x86.ActiveCfg = Debug|Win32
		{547E2598-7F1C-4421-9DD4-9FB577BFB490}.Debug|x86.Build.0 = Debug|Win32
		{547E2598-7F1C-4421-9DD4-9FB577BFB490}.Release|x64.ActiveCfg = Release|x64
		{547E2598-7F1C-4421-9DD4-9FB577BFB490}.Release|x64.Build.0 = Release|x64
		{547E2598-7F1C-4421-9DD4-9FB577BFB490}.Release|x86.ActiveCfg = Release|Win32
		{547E2598-7F1C-4421-9DD4-9FB577BFB490}.Release|x86.Build.0 = Release|Win32
		{8770D8AD-AF9F-455B-9320-90192459B556}.Debug|x64.ActiveCfg = Debug|x64
		{8770D8AD-AF9F-455B-9320-90192459B556}.Debug|x64.Build.0 = Debug|x64
		{8770D8AD-AF9F-455B-9320-90192459B556}.Debug|x86.ActiveCfg = Debug|Win32
		{8770D8AD-AF9F-455B-9320-90192459B556}.Debug|x86.Build.0 = Debug|Win32
		{8770D8AD-AF9F-455B-9320-90192459B556}.Release|x64.ActiveCfg = Release|x64
		{8770D8AD-AF9F-455B-9320-90192459B556}.Release|x64.Build.0 = Release|x64
		{8770D8AD-AF9F-455B-9320-90192459B556}.Release|x86.ActiveCfg = Release|Win32
		{8770D8AD-AF9F-455B-9320-90192459B556}.Release|x86.Build.0 = Release|Win32
	EndGlobalSection
	GlobalSection(SolutionProperties) = preSolution
		HideSolutionNode = FALSE
	EndGlobalSection
EndGlobal
